<?xml version="1.0" encoding="utf-8"?>
<Project ToolsVersion="4.0" xmlns="http://schemas.microsoft.com/developer/msbuild/2003">
  <ItemGroup>
    <Filter Include="Source Files">
      <UniqueIdentifier>{4FC737F1-C7A5-4376-A066-2A32D752A2FF}</UniqueIdentifier>
      <Extensions>cpp;c;cc;cxx;def;odl;idl;hpj;bat;asm;asmx</Extensions>
    </Filter>
    <Filter Include="Header Files">
      <UniqueIdentifier>{93995380-89BD-4b04-88EB-625FBE52EBFB}</UniqueIdentifier>
      <Extensions>h;hpp;hxx;hm;inl;inc;xsd</Extensions>
    </Filter>
    <Filter Include="Resource Files">
      <UniqueIdentifier>{67DA6AB6-F800-4c08-8B7A-83BB121AAD01}</UniqueIdentifier>
      <Extensions>rc;ico;cur;bmp;dlg;rc2;rct;bin;rgs;gif;jpg;jpeg;jpe;resx;tiff;tif;png;wav;mfcribbon-ms</Extensions>
    </Filter>
  </ItemGroup>
  <ItemGroup>
    <ClCompile Include="DxApp.cpp">
      <Filter>Source Files</Filter>
    </ClCompile>
    <ClCompile Include="main.cpp">
      <Filter>Source Files</Filter>
    </ClCompile>
    <ClCompile Include="MyApp.cpp">
      <Filter>Source Files</Filter>
    </ClCompile>
    <ClCompile Include="Shape_Maker.cpp">
      <Filter>Source Files</Filter>
    </ClCompile>
    <ClCompile Include="Camera.cpp">
      <Filter>Source Files</Filter>
    </ClCompile>
    <ClCompile Include="Scene_object.cpp">
      <Filter>Source Files</Filter>
    </ClCompile>
    <ClCompile Include="Globe.cpp">
      <Filter>Source Files</Filter>
    </ClCompile>
    <ClCompile Include="Island.cpp">
      <Filter>Source Files</Filter>
    </ClCompile>
    <ClCompile Include="Sea.cpp">
      <Filter>Source Files</Filter>
    </ClCompile>
    <ClCompile Include="OBJLoader.cpp">
      <Filter>Source Files</Filter>
    </ClCompile>
    <ClCompile Include="Globe_Base.cpp">
      <Filter>Source Files</Filter>
    </ClCompile>
    <ClCompile Include="tree.cpp">
      <Filter>Source Files</Filter>
    </ClCompile>
    <ClCompile Include="Sun.cpp">
      <Filter>Source Files</Filter>
    </ClCompile>
    <ClCompile Include="shaders.cpp">
      <Filter>Source Files</Filter>
    </ClCompile>
    <ClCompile Include="Scene_manager.cpp">
      <Filter>Source Files</Filter>
    </ClCompile>
    <ClCompile Include="surface.cpp">
      <Filter>Source Files</Filter>
    </ClCompile>
    <ClCompile Include="leaf_generator.cpp">
      <Filter>Source Files</Filter>
    </ClCompile>
    <ClCompile Include="Leaf.cpp">
      <Filter>Source Files</Filter>
    </ClCompile>
    <ClCompile Include="leaf_trunk.cpp">
      <Filter>Source Files</Filter>
    </ClCompile>
    <ClCompile Include="Water_Particles.cpp">
      <Filter>Source Files</Filter>
    </ClCompile>
    <ClCompile Include="Particle_Manager.cpp">
      <Filter>Source Files</Filter>
    </ClCompile>
    <ClCompile Include="Fire_Particles.cpp">
      <Filter>Source Files</Filter>
    </ClCompile>
    <ClCompile Include="Bottle.cpp">
      <Filter>Source Files</Filter>
    </ClCompile>
    <ClCompile Include="Leaf_manager.cpp">
      <Filter>Source Files</Filter>
    </ClCompile>
    <ClCompile Include="Fog_Particles.cpp">
      <Filter>Source Files</Filter>
    </ClCompile>
    <ClCompile Include="Particle.cpp">
      <Filter>Source Files</Filter>
    </ClCompile>
  </ItemGroup>
  <ItemGroup>
    <ClInclude Include="DxApp.h">
      <Filter>Header Files</Filter>
    </ClInclude>
    <ClInclude Include="MyApp.h">
      <Filter>Header Files</Filter>
    </ClInclude>
    <ClInclude Include="Shape_Maker.h">
      <Filter>Header Files</Filter>
    </ClInclude>
    <ClInclude Include="Global.h">
      <Filter>Header Files</Filter>
    </ClInclude>
    <ClInclude Include="Camera.h">
      <Filter>Header Files</Filter>
    </ClInclude>
    <ClInclude Include="Scene_object.h">
      <Filter>Header Files</Filter>
    </ClInclude>
    <ClInclude Include="Globe.h">
      <Filter>Header Files</Filter>
    </ClInclude>
    <ClInclude Include="shaders.h">
      <Filter>Header Files</Filter>
    </ClInclude>
    <ClInclude Include="Island.h">
      <Filter>Header Files</Filter>
    </ClInclude>
    <ClInclude Include="Sea.h">
      <Filter>Header Files</Filter>
    </ClInclude>
    <ClInclude Include="OBJLoader.h">
      <Filter>Header Files</Filter>
    </ClInclude>
    <ClInclude Include="Globe_Base.h">
      <Filter>Header Files</Filter>
    </ClInclude>
    <ClInclude Include="tree.h">
      <Filter>Header Files</Filter>
    </ClInclude>
    <ClInclude Include="Sun.h">
      <Filter>Header Files</Filter>
    </ClInclude>
    <ClInclude Include="Scene_manager.h">
      <Filter>Header Files</Filter>
    </ClInclude>
    <ClInclude Include="surface.h">
      <Filter>Header Files</Filter>
    </ClInclude>
    <ClInclude Include="leaf_generator.h">
      <Filter>Header Files</Filter>
    </ClInclude>
    <ClInclude Include="Leaf.h">
      <Filter>Header Files</Filter>
    </ClInclude>
    <ClInclude Include="leaf_trunk.h">
      <Filter>Header Files</Filter>
    </ClInclude>
    <ClInclude Include="Water_Particles.h">
      <Filter>Header Files</Filter>
    </ClInclude>
    <ClInclude Include="Particle_Manager.h">
      <Filter>Header Files</Filter>
    </ClInclude>
    <ClInclude Include="Fire_Particles.h">
      <Filter>Header Files</Filter>
    </ClInclude>
    <ClInclude Include="Bottle.h">
      <Filter>Header Files</Filter>
    </ClInclude>
    <ClInclude Include="Leaf_manager.h">
      <Filter>Header Files</Filter>
    </ClInclude>
    <ClInclude Include="Fog_Particles.h">
      <Filter>Header Files</Filter>
    </ClInclude>
    <ClInclude Include="Particle.h">
      <Filter>Header Files</Filter>
    </ClInclude>
  </ItemGroup>
  <ItemGroup>
    <Library Include="Effects11.lib" />
  </ItemGroup>
  <ItemGroup>
    <CustomBuild Include="Sea_Effect.fx" />
    <CustomBuild Include="Island_Effect.fx" />
    <CustomBuild Include="Tree_Effect.fx" />
    <CustomBuild Include="Sun_Effect.fx" />
    <CustomBuild Include="Globe_Effect.fx" />
    <CustomBuild Include="SeaSurface_Effect.fx" />
    <CustomBuild Include="Leave_Effect.fx" />
    <CustomBuild Include="Trunk_Effect.fx" />
    <CustomBuild Include="Water_P_Effect.fx" />
    <CustomBuild Include="Fire_P_Effect.fx" />
    <CustomBuild Include="Bottle_Effect.fx" />
    <CustomBuild Include="Shadow_map_gen.fx" />
    <CustomBuild Include="Base_Effect.fx" />
    <CustomBuild Include="Sky_Effect.fx" />
    <CustomBuild Include="Fog_P_Effect.fx" />
  </ItemGroup>
  <ItemGroup>
    <None Include="ClassDiagram11.cd" />
    <None Include="design.cd" />
    <None Include="ClassDiagram12.cd" />
  </ItemGroup>
</Project>